
Microsoft Visual Studio Solution File, Format Version 12.00
# Visual Studio Version 17
VisualStudioVersion = 17.1.31911.260
MinimumVisualStudioVersion = 10.0.40219.1
Project("{FAE04EC0-301F-11D3-BF4B-00C04F79EFBC}") = "exe_A", "exe_A.csproj", "{8B40808B-C6FF-4AA5-AB35-6F38B97A2130}"
EndProject
Global
	GlobalSection(SolutionConfigurationPlatforms) = preSolution
		Debug|Any CPU = Debug|Any CPU
		Release|Any CPU = Release|Any CPU
	EndGlobalSection
	GlobalSection(ProjectConfigurationPlatforms) = postSolution
		{8B40808B-C6FF-4AA5-AB35-6F38B97A2130}.Debug|Any CPU.ActiveCfg = Debug|Any CPU
		{8B40808B-C6FF-4AA5-AB35-6F38B97A2130}.Debug|Any CPU.Build.0 = Debug|Any CPU
		{8B40808B-C6FF-4AA5-AB35-6F38B97A2130}.Release|Any CPU.ActiveCfg = Release|Any CPU
		{8B40808B-C6FF-4AA5-AB35-6F38B97A2130}.Release|Any CPU.Build.0 = Release|Any CPU
	EndGlobalSection
	GlobalSection(SolutionProperties) = preSolution
		HideSolutionNode = FALSE
	EndGlobalSection
	GlobalSection(ExtensibilityGlobals) = postSolution
		SolutionGuid = {6EA16BCD-AAFB-4471-9680-08C34B57CD69}
	EndGlobalSection
EndGlobal
